
Microsoft Visual Studio Solution File, Format Version 12.00
# Visual Studio Version 16
VisualStudioVersion = 16.0.31313.79
MinimumVisualStudioVersion = 10.0.40219.1
Project("{FAE04EC0-301F-11D3-BF4B-00C04F79EFBC}") = "backend-staffdirectory", "backend-staffdirectory\backend-staffdirectory.csproj", "{D74E897D-B676-44CB-A2B2-3DEA6DBF93BB}"
EndProject
Global
	GlobalSection(SolutionConfigurationPlatforms) = preSolution
		Debug|Any CPU = Debug|Any CPU
		Release|Any CPU = Release|Any CPU
	EndGlobalSection
	GlobalSection(ProjectConfigurationPlatforms) = postSolution
		{D74E897D-B676-44CB-A2B2-3DEA6DBF93BB}.Debug|Any CPU.ActiveCfg = Debug|Any CPU
		{D74E897D-B676-44CB-A2B2-3DEA6DBF93BB}.Debug|Any CPU.Build.0 = Debug|Any CPU
		{D74E897D-B676-44CB-A2B2-3DEA6DBF93BB}.Release|Any CPU.ActiveCfg = Release|Any CPU
		{D74E897D-B676-44CB-A2B2-3DEA6DBF93BB}.Release|Any CPU.Build.0 = Release|Any CPU
	EndGlobalSection
	GlobalSection(SolutionProperties) = preSolution
		HideSolutionNode = FALSE
	EndGlobalSection
	GlobalSection(ExtensibilityGlobals) = postSolution
		SolutionGuid = {85D8FDBB-A4EF-4CC0-9565-1258922436F8}
	EndGlobalSection
EndGlobal
